{
  "requires": true,
  "lockfileVersion": 1,
  "dependencies": {
    "angular-oauth2-oidc": {
      "version": "3.1.4",
      "resolved": "https://registry.npmjs.org/angular-oauth2-oidc/-/angular-oauth2-oidc-3.1.4.tgz",
      "integrity": "sha1-B3k5VhbXLxXp3985Ld2pxpY3Qug=",
      "requires": {
        "jsrsasign": "8.0.6"
      }
    },
    "bootstrap": {
      "version": "4.0.0",
      "resolved": "https://registry.npmjs.org/bootstrap/-/bootstrap-4.0.0.tgz",
      "integrity": "sha512-gulJE5dGFo6Q61V/whS6VM4WIyrlydXfCgkE+Gxe5hjrJ8rXLLZlALq7zq2RPhOc45PSwQpJkrTnc2KgD6cvmA=="
    },
    "jsrsasign": {
      "version": "8.0.6",
      "resolved": "https://registry.npmjs.org/jsrsasign/-/jsrsasign-8.0.6.tgz",
      "integrity": "sha1-RYbwCCPjAuWZokSke+IMYardD88="
    },
    "ng-drag-drop": {
      "version": "4.0.0",
      "resolved": "https://registry.npmjs.org/ng-drag-drop/-/ng-drag-drop-4.0.0.tgz",
      "integrity": "sha1-zi4bj1VqmBJW8PGQdyTwmLdpwfA="
    },
    "ng2-inline-editor": {
      "version": "0.1.1-alpha.20",
      "resolved": "https://registry.npmjs.org/ng2-inline-editor/-/ng2-inline-editor-0.1.1-alpha.20.tgz",
      "integrity": "sha1-rm0fya8EBkj1j803kZb0KspVo9s="
    }
  }
}
