{
  "requires": true,
  "lockfileVersion": 1,
  "dependencies": {
    "@angular/common": {
      "version": "2.4.10",
      "resolved": "https://registry.npmjs.org/@angular/common/-/common-2.4.10.tgz",
      "integrity": "sha1-o6aC0iKPow7CPdDrV8joh/uiaZc="
    },
    "@angular/compiler": {
      "version": "2.4.10",
      "resolved": "https://registry.npmjs.org/@angular/compiler/-/compiler-2.4.10.tgz",
      "integrity": "sha1-9R/TSCCyoCx8th+89JhzxYBW+ww="
    },
    "@angular/core": {
      "version": "2.4.10",
      "resolved": "https://registry.npmjs.org/@angular/core/-/core-2.4.10.tgz",
      "integrity": "sha1-C4MgplBlll2ZhkWx9c0892m0Qeo="
    },
    "@fortawesome/fontawesome": {
      "version": "1.1.8",
      "resolved": "https://registry.npmjs.org/@fortawesome/fontawesome/-/fontawesome-1.1.8.tgz",
      "integrity": "sha512-c0/MtkPVT0fmiFcCyYoPjkG9PkMOvfrZw2+0BaJ+Rh6UEcK1AR/LaRgrHHjUkbAbs9LXxQJhFS8CJ4uSnK2+JA==",
      "requires": {
        "@fortawesome/fontawesome-common-types": "0.1.7"
      }
    },
    "@fortawesome/fontawesome-common-types": {
      "version": "0.1.7",
      "resolved": "https://registry.npmjs.org/@fortawesome/fontawesome-common-types/-/fontawesome-common-types-0.1.7.tgz",
      "integrity": "sha512-ego8jRVSHfq/iq4KRZJKQeUAdi3ZjGNrqw4oPN3fNdvTBnLCSntwVCnc37bsAJP9UB8MhrTfPnZYxkv2vpS4pg=="
    },
    "@fortawesome/fontawesome-free-brands": {
      "version": "5.0.13",
      "resolved": "https://registry.npmjs.org/@fortawesome/fontawesome-free-brands/-/fontawesome-free-brands-5.0.13.tgz",
      "integrity": "sha512-xC/sEPpfcJPvUbud2GyscLCLQlE2DVBYaTHVwuyVGliYBdYejSEYMINU8FN5A0xhO68yCbpCfMlBv6Gqby+jww==",
      "requires": {
        "@fortawesome/fontawesome-common-types": "0.1.7"
      }
    },
    "@fortawesome/fontawesome-free-regular": {
      "version": "5.0.13",
      "resolved": "https://registry.npmjs.org/@fortawesome/fontawesome-free-regular/-/fontawesome-free-regular-5.0.13.tgz",
      "integrity": "sha512-36lz9Idww1L4QaaTcv7GZiOeIP9emJFDUsedvRovI10kmwyd6rN0PKkIjnq0FB4foLhX4Rou8vnbCCmjtqiLug==",
      "requires": {
        "@fortawesome/fontawesome-common-types": "0.1.7"
      }
    },
    "@fortawesome/fontawesome-free-solid": {
      "version": "5.0.13",
      "resolved": "https://registry.npmjs.org/@fortawesome/fontawesome-free-solid/-/fontawesome-free-solid-5.0.13.tgz",
      "integrity": "sha512-b+krVnqkdDt52Yfev0x0ZZgtxBQsLw00Zfa3uaVWIDzpNZVtrEXuxldUSUaN/ihgGhSNi8VpvDAdNPVgCKOSxw==",
      "requires": {
        "@fortawesome/fontawesome-common-types": "0.1.7"
      }
    },
    "angular-font-awesome": {
      "version": "3.1.2",
      "resolved": "https://registry.npmjs.org/angular-font-awesome/-/angular-font-awesome-3.1.2.tgz",
      "integrity": "sha1-k3hzJhLY6MceDXwvqg+t3H+Fjsk="
    },
    "angular-oauth2-oidc": {
      "version": "3.1.4",
      "resolved": "https://registry.npmjs.org/angular-oauth2-oidc/-/angular-oauth2-oidc-3.1.4.tgz",
      "integrity": "sha1-B3k5VhbXLxXp3985Ld2pxpY3Qug=",
      "requires": {
        "jsrsasign": "8.0.12"
      }
    },
    "angular5-toaster": {
      "version": "1.0.2",
      "resolved": "https://registry.npmjs.org/angular5-toaster/-/angular5-toaster-1.0.2.tgz",
      "integrity": "sha1-ehEoRvKXnYub0uMfBdi7MgFV73Y="
    },
    "bootstrap": {
      "version": "4.1.1",
      "resolved": "https://registry.npmjs.org/bootstrap/-/bootstrap-4.1.1.tgz",
      "integrity": "sha512-SpiDSOcbg4J/PjVSt4ny5eY6j74VbVSjROY4Fb/WIUXBV9cnb5luyR4KnPvNoXuGnBK1T+nJIWqRsvU3yP8Mcg=="
    },
    "font-awesome": {
      "version": "4.7.0",
      "resolved": "https://registry.npmjs.org/font-awesome/-/font-awesome-4.7.0.tgz",
      "integrity": "sha1-j6jPBBGhoxr9B7BtKQK7n8gVoTM="
    },
    "ip": {
      "version": "1.1.5",
      "resolved": "https://registry.npmjs.org/ip/-/ip-1.1.5.tgz",
      "integrity": "sha1-vd7XARQpCCjAoDnnLvJfWq7ENUo="
    },
    "jsrsasign": {
      "version": "8.0.12",
      "resolved": "https://registry.npmjs.org/jsrsasign/-/jsrsasign-8.0.12.tgz",
      "integrity": "sha1-Iqu5ZW00owuVMENnIINeicLlwxY="
    },
    "ng-drag-drop": {
      "version": "4.0.1",
      "resolved": "https://registry.npmjs.org/ng-drag-drop/-/ng-drag-drop-4.0.1.tgz",
      "integrity": "sha1-tDSiJI3vk35Y6mrSQZivGJslks8="
    },
    "ng2-inline-editor": {
      "version": "0.1.1-alpha.20",
      "resolved": "https://registry.npmjs.org/ng2-inline-editor/-/ng2-inline-editor-0.1.1-alpha.20.tgz",
      "integrity": "sha1-rm0fya8EBkj1j803kZb0KspVo9s="
    },
    "ng2-web-cryptography": {
      "version": "0.0.3",
      "resolved": "https://registry.npmjs.org/ng2-web-cryptography/-/ng2-web-cryptography-0.0.3.tgz",
      "integrity": "sha1-xMGxUFigL1VQKEWtMts/ZY7W9sU=",
      "requires": {
        "@angular/common": "2.4.10",
        "@angular/compiler": "2.4.10",
        "@angular/core": "2.4.10",
        "rxjs": "5.5.10"
      }
    },
    "nodemailer": {
      "version": "4.0.1",
      "resolved": "https://registry.npmjs.org/nodemailer/-/nodemailer-4.0.1.tgz",
      "integrity": "sha1-uVhksH+s7oKH6CMu/9bx1W7HWrI="
    },
    "rxjs": {
      "version": "5.5.10",
      "resolved": "https://registry.npmjs.org/rxjs/-/rxjs-5.5.10.tgz",
      "integrity": "sha512-SRjimIDUHJkon+2hFo7xnvNC4ZEHGzCRwh9P7nzX3zPkCGFEg/tuElrNR7L/rZMagnK2JeH2jQwPRpmyXyLB6A==",
      "requires": {
        "symbol-observable": "1.0.1"
      }
    },
    "smart-buffer": {
      "version": "4.0.1",
      "resolved": "https://registry.npmjs.org/smart-buffer/-/smart-buffer-4.0.1.tgz",
      "integrity": "sha512-RFqinRVJVcCAL9Uh1oVqE6FZkqsyLiVOYEZ20TqIOjuX7iFVJ+zsbs4RIghnw/pTs7mZvt8ZHhvm1ZUrR4fykg=="
    },
    "socks": {
      "version": "2.1.6",
      "resolved": "https://registry.npmjs.org/socks/-/socks-2.1.6.tgz",
      "integrity": "sha512-cHaaOUfK1FIyUv5T9Tg5y7apRqluAjgCzCeOg9Eg3E4ooGJocGgQ+BEHp5o4ev2DBjkmroNjWl1njijx0epv4Q==",
      "requires": {
        "ip": "1.1.5",
        "smart-buffer": "4.0.1"
      }
    },
    "symbol-observable": {
      "version": "1.0.1",
      "resolved": "https://registry.npmjs.org/symbol-observable/-/symbol-observable-1.0.1.tgz",
      "integrity": "sha1-g0D8RwLDEi310iKI+IKD9RPT/dQ="
    }
  }
}
